
Microsoft Visual Studio Solution File, Format Version 12.00
# Visual Studio Version 16
VisualStudioVersion = 16.0.30804.86
MinimumVisualStudioVersion = 10.0.40219.1
Project("{FAE04EC0-301F-11D3-BF4B-00C04F79EFBC}") = "NF64.GetBrowserHistory", "NF64.GetBrowserHistory\NF64.GetBrowserHistory.csproj", "{DFB12502-0732-43E4-B7DA-FABD436583F7}"
EndProject
Global
	GlobalSection(SolutionConfigurationPlatforms) = preSolution
		Debug|Any CPU = Debug|Any CPU
		Release|Any CPU = Release|Any CPU
	EndGlobalSection
	GlobalSection(ProjectConfigurationPlatforms) = postSolution
		{DFB12502-0732-43E4-B7DA-FABD436583F7}.Debug|Any CPU.ActiveCfg = Debug|Any CPU
		{DFB12502-0732-43E4-B7DA-FABD436583F7}.Debug|Any CPU.Build.0 = Debug|Any CPU
		{DFB12502-0732-43E4-B7DA-FABD436583F7}.Release|Any CPU.ActiveCfg = Release|Any CPU
		{DFB12502-0732-43E4-B7DA-FABD436583F7}.Release|Any CPU.Build.0 = Release|Any CPU
	EndGlobalSection
	GlobalSection(SolutionProperties) = preSolution
		HideSolutionNode = FALSE
	EndGlobalSection
	GlobalSection(ExtensibilityGlobals) = postSolution
		SolutionGuid = {B8C3FB54-FC0B-4546-8053-84FBE3A94372}
	EndGlobalSection
EndGlobal
